<?xml version="1.0" encoding="utf-8"?>
<Project ToolsVersion="4.0" xmlns="http://schemas.microsoft.com/developer/msbuild/2003">
  <ItemGroup>
    <ClCompile Include="ClassicHud\ClassicHud.cpp" />
    <ClCompile Include="ClassicHud\Settings.cpp" />
    <ClCompile Include="ClassicHud\Utility.cpp" />
  </ItemGroup>
  <ItemGroup>
    <ClInclude Include="ClassicHud\Clock.h" />
    <ClInclude Include="ClassicHud\IniReader.h" />
    <ClInclude Include="ClassicHud\Money.h" />
    <ClInclude Include="ClassicHud\Settings.h" />
    <ClInclude Include="ClassicHud\Weapon.h" />
    <ClInclude Include="ClassicHud\Wanted.h" />
    <ClInclude Include="ClassicHud\Utility.h" />
    <ClInclude Include="ClassicHud\HudIcons.h" />
    <ClInclude Include="ClassicHud\AreaName.h" />
    <ClInclude Include="ClassicHud\VehicleName.h" />
  </ItemGroup>
</Project>